
Microsoft Visual Studio Solution File, Format Version 12.00
# Visual Studio Version 17
VisualStudioVersion = 17.6.33829.357
MinimumVisualStudioVersion = 10.0.40219.1
Project("{888888A0-9F3D-457C-B088-3A5042F75D52}") = "Daves Quest Act 1", "Daves Quest Act 1\Daves Quest Act 1.pyproj", "{B4567FB3-9F2F-4312-A4D6-314243CC2A71}"
EndProject
Global
	GlobalSection(SolutionConfigurationPlatforms) = preSolution
		Debug|Any CPU = Debug|Any CPU
		Release|Any CPU = Release|Any CPU
	EndGlobalSection
	GlobalSection(ProjectConfigurationPlatforms) = postSolution
		{B4567FB3-9F2F-4312-A4D6-314243CC2A71}.Debug|Any CPU.ActiveCfg = Debug|Any CPU
		{B4567FB3-9F2F-4312-A4D6-314243CC2A71}.Release|Any CPU.ActiveCfg = Release|Any CPU
	EndGlobalSection
	GlobalSection(SolutionProperties) = preSolution
		HideSolutionNode = FALSE
	EndGlobalSection
	GlobalSection(ExtensibilityGlobals) = postSolution
		SolutionGuid = {D861ACC5-8687-4C2A-860B-DBC8D327E633}
	EndGlobalSection
EndGlobal
